{
  "name": "root-dirs",
  "version": "0.0.0",
  "lockfileVersion": 3,
  "requires": true,
  "packages": {
    "": {
      "name": "root-dirs",
      "version": "0.0.0",
      "devDependencies": {
        "@typescript/native-preview": "^7.0.0-dev.20260428.1"
      }
    },
    "node_modules/@typescript/native-preview": {
      "version": "7.0.0-dev.20260428.1",
      "resolved": "https://registry.npmjs.org/@typescript/native-preview/-/native-preview-7.0.0-dev.20260428.1.tgz",
      "integrity": "sha512-JiM4PYWDGs57TT0mV2KArmaW7BnTkk3XRid79NdG17tfvDbRyg4hBCpKI7vARiQPtxjKrHlxyzxOGDpv5W5T7Q==",
      "dev": true,
      "license": "Apache-2.0",
      "bin": {
        "tsgo": "bin/tsgo.js"
      },
      "engines": {
        "node": ">=16.20.0"
      },
      "optionalDependencies": {
        "@typescript/native-preview-darwin-arm64": "7.0.0-dev.20260428.1",
        "@typescript/native-preview-darwin-x64": "7.0.0-dev.20260428.1",
        "@typescript/native-preview-linux-arm": "7.0.0-dev.20260428.1",
        "@typescript/native-preview-linux-arm64": "7.0.0-dev.20260428.1",
        "@typescript/native-preview-linux-x64": "7.0.0-dev.20260428.1",
        "@typescript/native-preview-win32-arm64": "7.0.0-dev.20260428.1",
        "@typescript/native-preview-win32-x64": "7.0.0-dev.20260428.1"
      }
    },
    "node_modules/@typescript/native-preview-darwin-arm64": {
      "version": "7.0.0-dev.20260428.1",
      "resolved": "https://registry.npmjs.org/@typescript/native-preview-darwin-arm64/-/native-preview-darwin-arm64-7.0.0-dev.20260428.1.tgz",
      "integrity": "sha512-Lll6WmXfgTEj1G3QBIoHlabQwUtJiyhlRgSLksa06QFL5BoA7V+Lu1waa9PtPNZbGsXLDMHodtk/bRQABKuPiw==",
      "cpu": [
        "arm64"
      ],
      "dev": true,
      "license": "Apache-2.0",
      "optional": true,
      "os": [
        "darwin"
      ],
      "engines": {
        "node": ">=16.20.0"
      }
    },
    "node_modules/@typescript/native-preview-darwin-x64": {
      "version": "7.0.0-dev.20260428.1",
      "resolved": "https://registry.npmjs.org/@typescript/native-preview-darwin-x64/-/native-preview-darwin-x64-7.0.0-dev.20260428.1.tgz",
      "integrity": "sha512-WbsBNSHlo+4sGrTxDWdmI7r8x48tCtSCuKdmK62FvVOq58UWAs6sL13Z4Rev4ohLcGHdXC5E/8AIdpLPqDYQpw==",
      "cpu": [
        "x64"
      ],
      "dev": true,
      "license": "Apache-2.0",
      "optional": true,
      "os": [
        "darwin"
      ],
      "engines": {
        "node": ">=16.20.0"
      }
    },
    "node_modules/@typescript/native-preview-linux-arm": {
      "version": "7.0.0-dev.20260428.1",
      "resolved": "https://registry.npmjs.org/@typescript/native-preview-linux-arm/-/native-preview-linux-arm-7.0.0-dev.20260428.1.tgz",
      "integrity": "sha512-/d/NnZFvEJU67L5mHh+cO3gsfwNCvJ9HGtxGq1KGz1VwTabOIcwLdpTpfsAR39WXzzfh9GJHL28n6GSGZInPow==",
      "cpu": [
        "arm"
      ],
      "dev": true,
      "license": "Apache-2.0",
      "optional": true,
      "os": [
        "linux"
      ],
      "engines": {
        "node": ">=16.20.0"
      }
    },
    "node_modules/@typescript/native-preview-linux-arm64": {
      "version": "7.0.0-dev.20260428.1",
      "resolved": "https://registry.npmjs.org/@typescript/native-preview-linux-arm64/-/native-preview-linux-arm64-7.0.0-dev.20260428.1.tgz",
      "integrity": "sha512-cgcBX/ZBMdepkamLT8g8jQdHe7DZS/s6zTZRof6mvcrnJHlMeUnKoC9UO8/c22IrUMV3n0XPh7R8FYjUP0ll+Q==",
      "cpu": [
        "arm64"
      ],
      "dev": true,
      "license": "Apache-2.0",
      "optional": true,
      "os": [
        "linux"
      ],
      "engines": {
        "node": ">=16.20.0"
      }
    },
    "node_modules/@typescript/native-preview-linux-x64": {
      "version": "7.0.0-dev.20260428.1",
      "resolved": "https://registry.npmjs.org/@typescript/native-preview-linux-x64/-/native-preview-linux-x64-7.0.0-dev.20260428.1.tgz",
      "integrity": "sha512-4gJCE7wzenx1BH2Vtx2uKWUo8rFxnhGkxNEH1zxbYy/6ASwo+PnOPYmKHAzNE1C3yB5lzw71/vR5p5zyO57Y4A==",
      "cpu": [
        "x64"
      ],
      "dev": true,
      "license": "Apache-2.0",
      "optional": true,
      "os": [
        "linux"
      ],
      "engines": {
        "node": ">=16.20.0"
      }
    },
    "node_modules/@typescript/native-preview-win32-arm64": {
      "version": "7.0.0-dev.20260428.1",
      "resolved": "https://registry.npmjs.org/@typescript/native-preview-win32-arm64/-/native-preview-win32-arm64-7.0.0-dev.20260428.1.tgz",
      "integrity": "sha512-yn6Rzbn62L4QTWrp0QgG8al6l/VG7PCPRdbE0vuGDSlKhInlC+Flo4QSc1qA8KHTbpHgl+nEsq9DymiitI4G4g==",
      "cpu": [
        "arm64"
      ],
      "dev": true,
      "license": "Apache-2.0",
      "optional": true,
      "os": [
        "win32"
      ],
      "engines": {
        "node": ">=16.20.0"
      }
    },
    "node_modules/@typescript/native-preview-win32-x64": {
      "version": "7.0.0-dev.20260428.1",
      "resolved": "https://registry.npmjs.org/@typescript/native-preview-win32-x64/-/native-preview-win32-x64-7.0.0-dev.20260428.1.tgz",
      "integrity": "sha512-T9z13mcMowXmwGjprA2FIR2EEdYZxgqH8+qk7dFZVBlo5vfk41AN/qJfAdN7IsAhEb640MJ8cMN/aiczweZKmA==",
      "cpu": [
        "x64"
      ],
      "dev": true,
      "license": "Apache-2.0",
      "optional": true,
      "os": [
        "win32"
      ],
      "engines": {
        "node": ">=16.20.0"
      }
    }
  }
}
